{
  "name": "@cicadoidea/formal-concept",
  "version": "0.0.1",
  "lockfileVersion": 1,
  "requires": true,
  "dependencies": {
    "@types/assert": {
      "version": "1.4.6",
      "resolved": "https://registry.npmjs.org/@types/assert/-/assert-1.4.6.tgz",
      "integrity": "sha512-r/N9gGdYr2MfZSbdi6w6VH3+qS1KboBqZ0bkDiTD2RdAls3smYDK/jy8jhGyGTZglFgLTCknH1MBJG8M4sd+6A==",
      "dev": true
    },
    "@types/node": {
      "version": "13.9.5",
      "resolved": "https://registry.npmjs.org/@types/node/-/node-13.9.5.tgz",
      "integrity": "sha512-hkzMMD3xu6BrJpGVLeQ3htQQNAcOrJjX7WFmtK8zWQpz2UJf13LCFF2ALA7c9OVdvc2vQJeDdjfR35M0sBCxvw==",
      "dev": true
    },
    "fast-deep-equal": {
      "version": "3.1.1",
      "resolved": "https://registry.npmjs.org/fast-deep-equal/-/fast-deep-equal-3.1.1.tgz",
      "integrity": "sha512-8UEa58QDLauDNfpbrX55Q9jrGHThw2ZMdOky5Gl1CDtVeJDPVrG4Jxx1N8jw2gkWaff5UUuX1KJd+9zGe2B+ZA=="
    },
    "typescript": {
      "version": "3.8.3",
      "resolved": "https://registry.npmjs.org/typescript/-/typescript-3.8.3.tgz",
      "integrity": "sha512-MYlEfn5VrLNsgudQTVJeNaQFUAI7DkhnOjdpAp4T+ku1TfQClewlbSuTVHiA+8skNBgaf02TL/kLOvig4y3G8w==",
      "dev": true
    }
  }
}
